
Microsoft Visual Studio Solution File, Format Version 12.00
# Visual Studio Version 17
VisualStudioVersion = 17.4.33110.190
MinimumVisualStudioVersion = 10.0.40219.1
Project("{FAE04EC0-301F-11D3-BF4B-00C04F79EFBC}") = "CEBrainfuckCreator", "CEBrainfuckCreator\CEBrainfuckCreator.csproj", "{5DF0FEA2-6242-41C5-A502-164BF14983C2}"
EndProject
Global
	GlobalSection(SolutionConfigurationPlatforms) = preSolution
		Debug|Any CPU = Debug|Any CPU
		Release|Any CPU = Release|Any CPU
	EndGlobalSection
	GlobalSection(ProjectConfigurationPlatforms) = postSolution
		{5DF0FEA2-6242-41C5-A502-164BF14983C2}.Debug|Any CPU.ActiveCfg = Debug|Any CPU
		{5DF0FEA2-6242-41C5-A502-164BF14983C2}.Debug|Any CPU.Build.0 = Debug|Any CPU
		{5DF0FEA2-6242-41C5-A502-164BF14983C2}.Release|Any CPU.ActiveCfg = Release|Any CPU
		{5DF0FEA2-6242-41C5-A502-164BF14983C2}.Release|Any CPU.Build.0 = Release|Any CPU
	EndGlobalSection
	GlobalSection(SolutionProperties) = preSolution
		HideSolutionNode = FALSE
	EndGlobalSection
	GlobalSection(ExtensibilityGlobals) = postSolution
		SolutionGuid = {F1136462-DFF4-4DAC-B95C-61F776F5B9D0}
	EndGlobalSection
EndGlobal
